
Microsoft Visual Studio Solution File, Format Version 12.00
# Visual Studio Version 17
VisualStudioVersion = 17.4.33110.190
MinimumVisualStudioVersion = 10.0.40219.1
Project("{FAE04EC0-301F-11D3-BF4B-00C04F79EFBC}") = "kit", "kit.csproj", "{3AA3B13B-27C3-4891-BF55-B39010585A0B}"
EndProject
Global
	GlobalSection(SolutionConfigurationPlatforms) = preSolution
		Debug|Any CPU = Debug|Any CPU
		Release|Any CPU = Release|Any CPU
	EndGlobalSection
	GlobalSection(ProjectConfigurationPlatforms) = postSolution
		{3AA3B13B-27C3-4891-BF55-B39010585A0B}.Debug|Any CPU.ActiveCfg = Debug|Any CPU
		{3AA3B13B-27C3-4891-BF55-B39010585A0B}.Debug|Any CPU.Build.0 = Debug|Any CPU
		{3AA3B13B-27C3-4891-BF55-B39010585A0B}.Release|Any CPU.ActiveCfg = Release|Any CPU
		{3AA3B13B-27C3-4891-BF55-B39010585A0B}.Release|Any CPU.Build.0 = Release|Any CPU
	EndGlobalSection
	GlobalSection(SolutionProperties) = preSolution
		HideSolutionNode = FALSE
	EndGlobalSection
	GlobalSection(ExtensibilityGlobals) = postSolution
		SolutionGuid = {841DA5CF-F8D3-434E-BF57-B875604F5D03}
	EndGlobalSection
EndGlobal
